
Microsoft Visual Studio Solution File, Format Version 12.00
# Visual Studio Version 16
VisualStudioVersion = 16.0.31321.278
MinimumVisualStudioVersion = 10.0.40219.1
Project("{9A19103F-16F7-4668-BE54-9A1E7A4F7556}") = "RoomTech.CloudManager.ApplicationCore", "RoomTech.CloudManager.ApplicationCore\RoomTech.CloudManager.ApplicationCore.csproj", "{5F0E5A24-E98C-4270-B768-65650EA821A3}"
EndProject
Project("{9A19103F-16F7-4668-BE54-9A1E7A4F7556}") = "RoomTech.CloudManager.Domain", "RoomTech.CloudManager.Domain\RoomTech.CloudManager.Domain.csproj", "{BB88BF31-EB37-4C96-B132-A9EB8FFA3E4C}"
EndProject
Project("{9A19103F-16F7-4668-BE54-9A1E7A4F7556}") = "RoomTech.CloudManager.Infrastructure", "RoomTech.CloudManager.Infrastructure\RoomTech.CloudManager.Infrastructure.csproj", "{7C52AC20-DF40-4AC3-9635-2C76EECF6F6C}"
EndProject
Project("{9A19103F-16F7-4668-BE54-9A1E7A4F7556}") = "RoomTech.CloudManager.Web", "RoomTech.CloudManager.Web\RoomTech.CloudManager.Web.csproj", "{D588DA60-F219-4C26-8102-366F9DCF7217}"
EndProject
Project("{FAE04EC0-301F-11D3-BF4B-00C04F79EFBC}") = "RoomTech.CloudManager.WebScheduler", "RoomTech.CloudManager.WebScheduler\RoomTech.CloudManager.WebScheduler.csproj", "{064F1040-893D-425A-B089-FD483A22A8FD}"
EndProject
Global
	GlobalSection(SolutionConfigurationPlatforms) = preSolution
		Debug|Any CPU = Debug|Any CPU
		Release|Any CPU = Release|Any CPU
	EndGlobalSection
	GlobalSection(ProjectConfigurationPlatforms) = postSolution
		{5F0E5A24-E98C-4270-B768-65650EA821A3}.Debug|Any CPU.ActiveCfg = Debug|Any CPU
		{5F0E5A24-E98C-4270-B768-65650EA821A3}.Debug|Any CPU.Build.0 = Debug|Any CPU
		{5F0E5A24-E98C-4270-B768-65650EA821A3}.Release|Any CPU.ActiveCfg = Release|Any CPU
		{5F0E5A24-E98C-4270-B768-65650EA821A3}.Release|Any CPU.Build.0 = Release|Any CPU
		{BB88BF31-EB37-4C96-B132-A9EB8FFA3E4C}.Debug|Any CPU.ActiveCfg = Debug|Any CPU
		{BB88BF31-EB37-4C96-B132-A9EB8FFA3E4C}.Debug|Any CPU.Build.0 = Debug|Any CPU
		{BB88BF31-EB37-4C96-B132-A9EB8FFA3E4C}.Release|Any CPU.ActiveCfg = Release|Any CPU
		{BB88BF31-EB37-4C96-B132-A9EB8FFA3E4C}.Release|Any CPU.Build.0 = Release|Any CPU
		{7C52AC20-DF40-4AC3-9635-2C76EECF6F6C}.Debug|Any CPU.ActiveCfg = Debug|Any CPU
		{7C52AC20-DF40-4AC3-9635-2C76EECF6F6C}.Debug|Any CPU.Build.0 = Debug|Any CPU
		{7C52AC20-DF40-4AC3-9635-2C76EECF6F6C}.Release|Any CPU.ActiveCfg = Release|Any CPU
		{7C52AC20-DF40-4AC3-9635-2C76EECF6F6C}.Release|Any CPU.Build.0 = Release|Any CPU
		{D588DA60-F219-4C26-8102-366F9DCF7217}.Debug|Any CPU.ActiveCfg = Debug|Any CPU
		{D588DA60-F219-4C26-8102-366F9DCF7217}.Debug|Any CPU.Build.0 = Debug|Any CPU
		{D588DA60-F219-4C26-8102-366F9DCF7217}.Release|Any CPU.ActiveCfg = Release|Any CPU
		{D588DA60-F219-4C26-8102-366F9DCF7217}.Release|Any CPU.Build.0 = Release|Any CPU
		{064F1040-893D-425A-B089-FD483A22A8FD}.Debug|Any CPU.ActiveCfg = Debug|Any CPU
		{064F1040-893D-425A-B089-FD483A22A8FD}.Debug|Any CPU.Build.0 = Debug|Any CPU
		{064F1040-893D-425A-B089-FD483A22A8FD}.Release|Any CPU.ActiveCfg = Release|Any CPU
		{064F1040-893D-425A-B089-FD483A22A8FD}.Release|Any CPU.Build.0 = Release|Any CPU
	EndGlobalSection
	GlobalSection(SolutionProperties) = preSolution
		HideSolutionNode = FALSE
	EndGlobalSection
	GlobalSection(ExtensibilityGlobals) = postSolution
		SolutionGuid = {EA8CF265-8133-45C9-A6A0-16B21C630079}
	EndGlobalSection
EndGlobal
